
Microsoft Visual Studio Solution File, Format Version 12.00
# Visual Studio Version 17
VisualStudioVersion = 17.7.34018.315
MinimumVisualStudioVersion = 10.0.40219.1
Project("{FAE04EC0-301F-11D3-BF4B-00C04F79EFBC}") = "Library", "Library.csproj", "{D979F057-B922-45BE-ABE5-931FAFA3DB21}"
EndProject
Global
	GlobalSection(SolutionConfigurationPlatforms) = preSolution
		Debug|Any CPU = Debug|Any CPU
		Release|Any CPU = Release|Any CPU
	EndGlobalSection
	GlobalSection(ProjectConfigurationPlatforms) = postSolution
		{D979F057-B922-45BE-ABE5-931FAFA3DB21}.Debug|Any CPU.ActiveCfg = Debug|Any CPU
		{D979F057-B922-45BE-ABE5-931FAFA3DB21}.Debug|Any CPU.Build.0 = Debug|Any CPU
		{D979F057-B922-45BE-ABE5-931FAFA3DB21}.Release|Any CPU.ActiveCfg = Release|Any CPU
		{D979F057-B922-45BE-ABE5-931FAFA3DB21}.Release|Any CPU.Build.0 = Release|Any CPU
	EndGlobalSection
	GlobalSection(SolutionProperties) = preSolution
		HideSolutionNode = FALSE
	EndGlobalSection
	GlobalSection(ExtensibilityGlobals) = postSolution
		SolutionGuid = {442D3EE7-F4BD-490F-B9E7-5225BCAA6E5C}
	EndGlobalSection
EndGlobal
